
Microsoft Visual Studio Solution File, Format Version 12.00
# Visual Studio Version 17
VisualStudioVersion = 17.14.36915.13
MinimumVisualStudioVersion = 10.0.40219.1
Project("{2150E333-8FDC-42A3-9474-1A3956D46DE8}") = "Src", "Src", "{02EA681E-C7D8-13C7-8484-4AC65E1B71E8}"
EndProject
Project("{2150E333-8FDC-42A3-9474-1A3956D46DE8}") = "Test", "Test", "{15D22108-887E-4E19-9029-AA0ED86ED288}"
EndProject
Project("{2150E333-8FDC-42A3-9474-1A3956D46DE8}") = "Apis", "Apis", "{3538E7E9-06E1-4FF0-9D2F-961C7B4B2E75}"
EndProject
Project("{2150E333-8FDC-42A3-9474-1A3956D46DE8}") = "Core", "Core", "{42E836CD-CAD1-4A38-B69B-E258F02C935C}"
EndProject
Project("{2150E333-8FDC-42A3-9474-1A3956D46DE8}") = "Infrastructure", "Infrastructure", "{7FF756BC-2583-4191-B226-FECB6450E35D}"
EndProject
Project("{2150E333-8FDC-42A3-9474-1A3956D46DE8}") = "Ui", "Ui", "{48AD9D79-6498-4534-858D-493349F21EC6}"
EndProject
Project("{2150E333-8FDC-42A3-9474-1A3956D46DE8}") = "Client", "Client", "{761697A8-26B1-4BF6-BFFE-8CDEDDBAB50A}"
EndProject
Project("{2150E333-8FDC-42A3-9474-1A3956D46DE8}") = "Dashboard", "Dashboard", "{50563C0D-3FDB-4F26-ACDF-7CA2DA1D5159}"
EndProject
Project("{FAE04EC0-301F-11D3-BF4B-00C04F79EFBC}") = "LinkDev.ECommerce.APIs", "LinkDev.ECommerce.APIs\LinkDev.ECommerce.APIs.csproj", "{FCA1DD30-9BE7-4DE1-9B42-BC72616CF826}"
EndProject
Project("{FAE04EC0-301F-11D3-BF4B-00C04F79EFBC}") = "LinkDev.ECommerce.APIs.Controllers", "LinkDev.ECommerce.APIs.Controllers\LinkDev.ECommerce.APIs.Controllers.csproj", "{2FD84ED3-2169-4612-8073-7D34FF673245}"
EndProject
Project("{FAE04EC0-301F-11D3-BF4B-00C04F79EFBC}") = "LinkDev.ECommerce.Domain", "LinkDev.ECommerce.Domain\LinkDev.ECommerce.Domain.csproj", "{19219561-11FC-4937-863B-B846723F47BC}"
EndProject
Project("{FAE04EC0-301F-11D3-BF4B-00C04F79EFBC}") = "LinkDev.ECommerce.Application", "LinkDev.ECommerce.Application\LinkDev.ECommerce.Application.csproj", "{1CCF8887-35E4-44F6-AFE1-41DF085DBBC6}"
EndProject
Project("{FAE04EC0-301F-11D3-BF4B-00C04F79EFBC}") = "LinkDev.ECommerce.Application.Abstraction", "LinkDev.ECommerce.Application.Abstraction\LinkDev.ECommerce.Application.Abstraction.csproj", "{2CF3F407-8BD4-4A95-A511-FF61B4435E7C}"
EndProject
Project("{FAE04EC0-301F-11D3-BF4B-00C04F79EFBC}") = "LinkDev.ECommerce.Infrastructure", "LinkDev.ECommerce.Infrastructure\LinkDev.ECommerce.Infrastructure.csproj", "{F400DD9D-FC78-4590-AD95-C3BD6C1F75E7}"
EndProject
Project("{FAE04EC0-301F-11D3-BF4B-00C04F79EFBC}") = "LinkDev.ECommerce.Infrastructure.Persistence", "LinkDev.ECommerce.Infrastructure.Peresistence\LinkDev.ECommerce.Infrastructure.Persistence.csproj", "{57490502-471B-453A-BB03-47589A46F81E}"
EndProject
Project("{FAE04EC0-301F-11D3-BF4B-00C04F79EFBC}") = "LinkDev.ECommerce.Dashboard", "LinkDev.ECommerce.Dashboard\LinkDev.ECommerce.Dashboard.csproj", "{36FD32DF-754E-43B3-AE5A-D1C8D913D091}"
EndProject
Global
	GlobalSection(SolutionConfigurationPlatforms) = preSolution
		Debug|Any CPU = Debug|Any CPU
		Release|Any CPU = Release|Any CPU
	EndGlobalSection
	GlobalSection(ProjectConfigurationPlatforms) = postSolution
		{FCA1DD30-9BE7-4DE1-9B42-BC72616CF826}.Debug|Any CPU.ActiveCfg = Debug|Any CPU
		{FCA1DD30-9BE7-4DE1-9B42-BC72616CF826}.Debug|Any CPU.Build.0 = Debug|Any CPU
		{FCA1DD30-9BE7-4DE1-9B42-BC72616CF826}.Release|Any CPU.ActiveCfg = Release|Any CPU
		{FCA1DD30-9BE7-4DE1-9B42-BC72616CF826}.Release|Any CPU.Build.0 = Release|Any CPU
		{2FD84ED3-2169-4612-8073-7D34FF673245}.Debug|Any CPU.ActiveCfg = Debug|Any CPU
		{2FD84ED3-2169-4612-8073-7D34FF673245}.Debug|Any CPU.Build.0 = Debug|Any CPU
		{2FD84ED3-2169-4612-8073-7D34FF673245}.Release|Any CPU.ActiveCfg = Release|Any CPU
		{2FD84ED3-2169-4612-8073-7D34FF673245}.Release|Any CPU.Build.0 = Release|Any CPU
		{19219561-11FC-4937-863B-B846723F47BC}.Debug|Any CPU.ActiveCfg = Debug|Any CPU
		{19219561-11FC-4937-863B-B846723F47BC}.Debug|Any CPU.Build.0 = Debug|Any CPU
		{19219561-11FC-4937-863B-B846723F47BC}.Release|Any CPU.ActiveCfg = Release|Any CPU
		{19219561-11FC-4937-863B-B846723F47BC}.Release|Any CPU.Build.0 = Release|Any CPU
		{1CCF8887-35E4-44F6-AFE1-41DF085DBBC6}.Debug|Any CPU.ActiveCfg = Debug|Any CPU
		{1CCF8887-35E4-44F6-AFE1-41DF085DBBC6}.Debug|Any CPU.Build.0 = Debug|Any CPU
		{1CCF8887-35E4-44F6-AFE1-41DF085DBBC6}.Release|Any CPU.ActiveCfg = Release|Any CPU
		{1CCF8887-35E4-44F6-AFE1-41DF085DBBC6}.Release|Any CPU.Build.0 = Release|Any CPU
		{2CF3F407-8BD4-4A95-A511-FF61B4435E7C}.Debug|Any CPU.ActiveCfg = Debug|Any CPU
		{2CF3F407-8BD4-4A95-A511-FF61B4435E7C}.Debug|Any CPU.Build.0 = Debug|Any CPU
		{2CF3F407-8BD4-4A95-A511-FF61B4435E7C}.Release|Any CPU.ActiveCfg = Release|Any CPU
		{2CF3F407-8BD4-4A95-A511-FF61B4435E7C}.Release|Any CPU.Build.0 = Release|Any CPU
		{F400DD9D-FC78-4590-AD95-C3BD6C1F75E7}.Debug|Any CPU.ActiveCfg = Debug|Any CPU
		{F400DD9D-FC78-4590-AD95-C3BD6C1F75E7}.Debug|Any CPU.Build.0 = Debug|Any CPU
		{F400DD9D-FC78-4590-AD95-C3BD6C1F75E7}.Release|Any CPU.ActiveCfg = Release|Any CPU
		{F400DD9D-FC78-4590-AD95-C3BD6C1F75E7}.Release|Any CPU.Build.0 = Release|Any CPU
		{57490502-471B-453A-BB03-47589A46F81E}.Debug|Any CPU.ActiveCfg = Debug|Any CPU
		{57490502-471B-453A-BB03-47589A46F81E}.Debug|Any CPU.Build.0 = Debug|Any CPU
		{57490502-471B-453A-BB03-47589A46F81E}.Release|Any CPU.ActiveCfg = Release|Any CPU
		{57490502-471B-453A-BB03-47589A46F81E}.Release|Any CPU.Build.0 = Release|Any CPU
		{36FD32DF-754E-43B3-AE5A-D1C8D913D091}.Debug|Any CPU.ActiveCfg = Debug|Any CPU
		{36FD32DF-754E-43B3-AE5A-D1C8D913D091}.Debug|Any CPU.Build.0 = Debug|Any CPU
		{36FD32DF-754E-43B3-AE5A-D1C8D913D091}.Release|Any CPU.ActiveCfg = Release|Any CPU
		{36FD32DF-754E-43B3-AE5A-D1C8D913D091}.Release|Any CPU.Build.0 = Release|Any CPU
	EndGlobalSection
	GlobalSection(SolutionProperties) = preSolution
		HideSolutionNode = FALSE
	EndGlobalSection
	GlobalSection(NestedProjects) = preSolution
		{3538E7E9-06E1-4FF0-9D2F-961C7B4B2E75} = {02EA681E-C7D8-13C7-8484-4AC65E1B71E8}
		{42E836CD-CAD1-4A38-B69B-E258F02C935C} = {02EA681E-C7D8-13C7-8484-4AC65E1B71E8}
		{7FF756BC-2583-4191-B226-FECB6450E35D} = {02EA681E-C7D8-13C7-8484-4AC65E1B71E8}
		{48AD9D79-6498-4534-858D-493349F21EC6} = {02EA681E-C7D8-13C7-8484-4AC65E1B71E8}
		{761697A8-26B1-4BF6-BFFE-8CDEDDBAB50A} = {48AD9D79-6498-4534-858D-493349F21EC6}
		{50563C0D-3FDB-4F26-ACDF-7CA2DA1D5159} = {48AD9D79-6498-4534-858D-493349F21EC6}
		{FCA1DD30-9BE7-4DE1-9B42-BC72616CF826} = {3538E7E9-06E1-4FF0-9D2F-961C7B4B2E75}
		{2FD84ED3-2169-4612-8073-7D34FF673245} = {3538E7E9-06E1-4FF0-9D2F-961C7B4B2E75}
		{19219561-11FC-4937-863B-B846723F47BC} = {42E836CD-CAD1-4A38-B69B-E258F02C935C}
		{1CCF8887-35E4-44F6-AFE1-41DF085DBBC6} = {42E836CD-CAD1-4A38-B69B-E258F02C935C}
		{2CF3F407-8BD4-4A95-A511-FF61B4435E7C} = {42E836CD-CAD1-4A38-B69B-E258F02C935C}
		{F400DD9D-FC78-4590-AD95-C3BD6C1F75E7} = {7FF756BC-2583-4191-B226-FECB6450E35D}
		{57490502-471B-453A-BB03-47589A46F81E} = {7FF756BC-2583-4191-B226-FECB6450E35D}
		{36FD32DF-754E-43B3-AE5A-D1C8D913D091} = {50563C0D-3FDB-4F26-ACDF-7CA2DA1D5159}
	EndGlobalSection
	GlobalSection(ExtensibilityGlobals) = postSolution
		SolutionGuid = {B11AE7CA-CF82-4FDD-B2E5-DE1C1FCF901A}
	EndGlobalSection
EndGlobal
